
Microsoft Visual Studio Solution File, Format Version 12.00
# Visual Studio Version 17
VisualStudioVersion = 17.4.33213.308
MinimumVisualStudioVersion = 10.0.40219.1
Project("{FAE04EC0-301F-11D3-BF4B-00C04F79EFBC}") = "MaskWASMApp.Server", "Server\MaskWASMApp.Server.csproj", "{64D2F2C3-D020-4CB9-B5E3-FCD59BB859FC}"
EndProject
Project("{FAE04EC0-301F-11D3-BF4B-00C04F79EFBC}") = "MaskWASMApp.Client", "Client\MaskWASMApp.Client.csproj", "{9DDCC2D9-1D73-4A2E-894D-C59F5C806F2B}"
EndProject
Project("{FAE04EC0-301F-11D3-BF4B-00C04F79EFBC}") = "MaskWASMApp.Shared", "Shared\MaskWASMApp.Shared.csproj", "{0400E38B-4CE5-492D-AEA6-817965EB9DE0}"
EndProject
Global
	GlobalSection(SolutionConfigurationPlatforms) = preSolution
		Debug|Any CPU = Debug|Any CPU
		Release|Any CPU = Release|Any CPU
	EndGlobalSection
	GlobalSection(ProjectConfigurationPlatforms) = postSolution
		{64D2F2C3-D020-4CB9-B5E3-FCD59BB859FC}.Debug|Any CPU.ActiveCfg = Debug|Any CPU
		{64D2F2C3-D020-4CB9-B5E3-FCD59BB859FC}.Debug|Any CPU.Build.0 = Debug|Any CPU
		{64D2F2C3-D020-4CB9-B5E3-FCD59BB859FC}.Release|Any CPU.ActiveCfg = Release|Any CPU
		{64D2F2C3-D020-4CB9-B5E3-FCD59BB859FC}.Release|Any CPU.Build.0 = Release|Any CPU
		{9DDCC2D9-1D73-4A2E-894D-C59F5C806F2B}.Debug|Any CPU.ActiveCfg = Debug|Any CPU
		{9DDCC2D9-1D73-4A2E-894D-C59F5C806F2B}.Debug|Any CPU.Build.0 = Debug|Any CPU
		{9DDCC2D9-1D73-4A2E-894D-C59F5C806F2B}.Release|Any CPU.ActiveCfg = Release|Any CPU
		{9DDCC2D9-1D73-4A2E-894D-C59F5C806F2B}.Release|Any CPU.Build.0 = Release|Any CPU
		{0400E38B-4CE5-492D-AEA6-817965EB9DE0}.Debug|Any CPU.ActiveCfg = Debug|Any CPU
		{0400E38B-4CE5-492D-AEA6-817965EB9DE0}.Debug|Any CPU.Build.0 = Debug|Any CPU
		{0400E38B-4CE5-492D-AEA6-817965EB9DE0}.Release|Any CPU.ActiveCfg = Release|Any CPU
		{0400E38B-4CE5-492D-AEA6-817965EB9DE0}.Release|Any CPU.Build.0 = Release|Any CPU
	EndGlobalSection
	GlobalSection(SolutionProperties) = preSolution
		HideSolutionNode = FALSE
	EndGlobalSection
	GlobalSection(ExtensibilityGlobals) = postSolution
		SolutionGuid = {C91FE2F1-D0A0-432E-A42C-8E94862D19CA}
	EndGlobalSection
EndGlobal
